
Microsoft Visual Studio Solution File, Format Version 12.00
# Visual Studio 14
VisualStudioVersion = 14.0.23107.0
MinimumVisualStudioVersion = 10.0.40219.1
Project("{FAE04EC0-301F-11D3-BF4B-00C04F79EFBC}") = "WebSocketsApp", "WebSocketsApp\WebSocketsApp.csproj", "{AA1AA553-7C76-4375-A62B-DE69863DA591}"
EndProject
Global
	GlobalSection(SolutionConfigurationPlatforms) = preSolution
		Debug|Any CPU = Debug|Any CPU
		Release|Any CPU = Release|Any CPU
	EndGlobalSection
	GlobalSection(ProjectConfigurationPlatforms) = postSolution
		{AA1AA553-7C76-4375-A62B-DE69863DA591}.Debug|Any CPU.ActiveCfg = Debug|Any CPU
		{AA1AA553-7C76-4375-A62B-DE69863DA591}.Debug|Any CPU.Build.0 = Debug|Any CPU
		{AA1AA553-7C76-4375-A62B-DE69863DA591}.Release|Any CPU.ActiveCfg = Release|Any CPU
		{AA1AA553-7C76-4375-A62B-DE69863DA591}.Release|Any CPU.Build.0 = Release|Any CPU
	EndGlobalSection
	GlobalSection(SolutionProperties) = preSolution
		HideSolutionNode = FALSE
	EndGlobalSection
EndGlobal
